
Microsoft Visual Studio Solution File, Format Version 12.00
# Visual Studio Version 16
VisualStudioVersion = 16.0.28922.388
MinimumVisualStudioVersion = 10.0.40219.1
Project("{FAE04EC0-301F-11D3-BF4B-00C04F79EFBC}") = "STM32WBUpdater", "STM32WBUpdater.csproj", "{9F3B9C18-D289-409A-8DEA-DF2A9D499C43}"
EndProject
Global
	GlobalSection(SolutionConfigurationPlatforms) = preSolution
		Debug|Any CPU = Debug|Any CPU
		Release|Any CPU = Release|Any CPU
	EndGlobalSection
	GlobalSection(ProjectConfigurationPlatforms) = postSolution
		{9F3B9C18-D289-409A-8DEA-DF2A9D499C43}.Debug|Any CPU.ActiveCfg = Debug|Any CPU
		{9F3B9C18-D289-409A-8DEA-DF2A9D499C43}.Debug|Any CPU.Build.0 = Debug|Any CPU
		{9F3B9C18-D289-409A-8DEA-DF2A9D499C43}.Release|Any CPU.ActiveCfg = Release|Any CPU
		{9F3B9C18-D289-409A-8DEA-DF2A9D499C43}.Release|Any CPU.Build.0 = Release|Any CPU
	EndGlobalSection
	GlobalSection(SolutionProperties) = preSolution
		HideSolutionNode = FALSE
	EndGlobalSection
	GlobalSection(ExtensibilityGlobals) = postSolution
		SolutionGuid = {67E19B36-E070-487B-87C7-82CEC248C846}
	EndGlobalSection
EndGlobal
